
Microsoft Visual Studio Solution File, Format Version 12.00
# Visual Studio 15
Project("{FAE04EC0-301F-11D3-BF4B-00C04F79EFBC}") = "Assembly-CSharp", "Assembly-CSharp.csproj", "{C0D4BD5F-C6E9-07DF-D9CC-A77A8C1511D5}"
EndProject
Project("{FAE04EC0-301F-11D3-BF4B-00C04F79EFBC}") = "Assembly-CSharp-Editor", "Assembly-CSharp-Editor.csproj", "{4460BA57-6AC7-B5E1-A927-7BFD253CCCCD}"
EndProject
Global
	GlobalSection(SolutionConfigurationPlatforms) = preSolution
		Debug|Any CPU = Debug|Any CPU
		Release|Any CPU = Release|Any CPU
	EndGlobalSection
	GlobalSection(ProjectConfigurationPlatforms) = postSolution
		{C0D4BD5F-C6E9-07DF-D9CC-A77A8C1511D5}.Debug|Any CPU.ActiveCfg = Debug|Any CPU
		{C0D4BD5F-C6E9-07DF-D9CC-A77A8C1511D5}.Debug|Any CPU.Build.0 = Debug|Any CPU
		{C0D4BD5F-C6E9-07DF-D9CC-A77A8C1511D5}.Release|Any CPU.ActiveCfg = Release|Any CPU
		{C0D4BD5F-C6E9-07DF-D9CC-A77A8C1511D5}.Release|Any CPU.Build.0 = Release|Any CPU
		{4460BA57-6AC7-B5E1-A927-7BFD253CCCCD}.Debug|Any CPU.ActiveCfg = Debug|Any CPU
		{4460BA57-6AC7-B5E1-A927-7BFD253CCCCD}.Debug|Any CPU.Build.0 = Debug|Any CPU
		{4460BA57-6AC7-B5E1-A927-7BFD253CCCCD}.Release|Any CPU.ActiveCfg = Release|Any CPU
		{4460BA57-6AC7-B5E1-A927-7BFD253CCCCD}.Release|Any CPU.Build.0 = Release|Any CPU
	EndGlobalSection
	GlobalSection(SolutionProperties) = preSolution
		HideSolutionNode = FALSE
	EndGlobalSection
EndGlobal
